// !$*UTF8*$!
{
	archiveVersion = 1;
	classes = {
	};
	objectVersion = 56;
	objects = {

/* Begin PBXBuildFile section */
		4F38F5EA2ABB566600D55EDD /* AppDelegate.swift in Sources */ = {isa = PBXBuildFile; fileRef = 4F38F5E92ABB566600D55EDD /* AppDelegate.swift */; };
		4F38F5EC2ABB566600D55EDD /* SceneDelegate.swift in Sources */ = {isa = PBXBuildFile; fileRef = 4F38F5EB2ABB566600D55EDD /* SceneDelegate.swift */; };
		4F38F5EE2ABB566600D55EDD /* ViewController.swift in Sources */ = {isa = PBXBuildFile; fileRef = 4F38F5ED2ABB566600D55EDD /* ViewController.swift */; };
		4F38F5F12ABB566600D55EDD /* Main.storyboard in Resources */ = {isa = PBXBuildFile; fileRef = 4F38F5EF2ABB566600D55EDD /* Main.storyboard */; };
		4F38F5F32ABB566D00D55EDD /* Assets.xcassets in Resources */ = {isa = PBXBuildFile; fileRef = 4F38F5F22ABB566D00D55EDD /* Assets.xcassets */; };
		4F38F5F62ABB566D00D55EDD /* LaunchScreen.storyboard in Resources */ = {isa = PBXBuildFile; fileRef = 4F38F5F42ABB566D00D55EDD /* LaunchScreen.storyboard */; };
		4F38F6012ABB566D00D55EDD /* RickAndMortyTests.swift in Sources */ = {isa = PBXBuildFile; fileRef = 4F38F6002ABB566D00D55EDD /* RickAndMortyTests.swift */; };
		4F38F60B2ABB566D00D55EDD /* RickAndMortyUITests.swift in Sources */ = {isa = PBXBuildFile; fileRef = 4F38F60A2ABB566D00D55EDD /* RickAndMortyUITests.swift */; };
		4F38F60D2ABB566D00D55EDD /* RickAndMortyUITestsLaunchTests.swift in Sources */ = {isa = PBXBuildFile; fileRef = 4F38F60C2ABB566D00D55EDD /* RickAndMortyUITestsLaunchTests.swift */; };
		4F38F61D2ABB56E300D55EDD /* BaseViewController.swift in Sources */ = {isa = PBXBuildFile; fileRef = 4F38F61C2ABB56E300D55EDD /* BaseViewController.swift */; };
		4F38F6222ABB572200D55EDD /* CharactersListModel.swift in Sources */ = {isa = PBXBuildFile; fileRef = 4F38F6212ABB572200D55EDD /* CharactersListModel.swift */; };
		4F38F6242ABB588A00D55EDD /* CharacterListViewController.swift in Sources */ = {isa = PBXBuildFile; fileRef = 4F38F6232ABB588A00D55EDD /* CharacterListViewController.swift */; };
		4F38F6262ABB58E700D55EDD /* CharacterListViewModel.swift in Sources */ = {isa = PBXBuildFile; fileRef = 4F38F6252ABB58E700D55EDD /* CharacterListViewModel.swift */; };
		4F38F6292ABB591600D55EDD /* RxCocoa in Frameworks */ = {isa = PBXBuildFile; productRef = 4F38F6282ABB591600D55EDD /* RxCocoa */; };
		4F38F62B2ABB591600D55EDD /* RxRelay in Frameworks */ = {isa = PBXBuildFile; productRef = 4F38F62A2ABB591600D55EDD /* RxRelay */; };
		4F38F62D2ABB591600D55EDD /* RxSwift in Frameworks */ = {isa = PBXBuildFile; productRef = 4F38F62C2ABB591600D55EDD /* RxSwift */; };
		4F38F6302ABB592E00D55EDD /* Differentiator in Frameworks */ = {isa = PBXBuildFile; productRef = 4F38F62F2ABB592E00D55EDD /* Differentiator */; };
		4F38F6322ABB592E00D55EDD /* RxDataSources in Frameworks */ = {isa = PBXBuildFile; productRef = 4F38F6312ABB592E00D55EDD /* RxDataSources */; };
		4F38F6352ABB594200D55EDD /* Alamofire in Frameworks */ = {isa = PBXBuildFile; productRef = 4F38F6342ABB594200D55EDD /* Alamofire */; };
		4F38F6372ABB5F0500D55EDD /* CharacterListAssembly.swift in Sources */ = {isa = PBXBuildFile; fileRef = 4F38F6362ABB5F0500D55EDD /* CharacterListAssembly.swift */; };
		4F38F6392ABB61FD00D55EDD /* Logger.swift in Sources */ = {isa = PBXBuildFile; fileRef = 4F38F6382ABB61FD00D55EDD /* Logger.swift */; };
		4F38F63D2ABB67B600D55EDD /* CharacterCell.swift in Sources */ = {isa = PBXBuildFile; fileRef = 4F38F63B2ABB67B600D55EDD /* CharacterCell.swift */; };
		4F38F63E2ABB67B600D55EDD /* CharacterCell.xib in Resources */ = {isa = PBXBuildFile; fileRef = 4F38F63C2ABB67B600D55EDD /* CharacterCell.xib */; };
		4F38F6412ABB67C600D55EDD /* Kingfisher in Frameworks */ = {isa = PBXBuildFile; productRef = 4F38F6402ABB67C600D55EDD /* Kingfisher */; };
		4F38F6442ABB700200D55EDD /* Resources.swift in Sources */ = {isa = PBXBuildFile; fileRef = 4F38F6432ABB700200D55EDD /* Resources.swift */; };
		4F38F6472ABC2FFD00D55EDD /* Response.swift in Sources */ = {isa = PBXBuildFile; fileRef = 4F38F6462ABC2FFD00D55EDD /* Response.swift */; };
		4F38F6492ABC302A00D55EDD /* LoadingError.swift in Sources */ = {isa = PBXBuildFile; fileRef = 4F38F6482ABC302A00D55EDD /* LoadingError.swift */; };
		4F38F64B2ABC315600D55EDD /* NetworkService.swift in Sources */ = {isa = PBXBuildFile; fileRef = 4F38F64A2ABC315600D55EDD /* NetworkService.swift */; };
		4F38F64D2ABC34ED00D55EDD /* NetworkServiceConfiguration.swift in Sources */ = {isa = PBXBuildFile; fileRef = 4F38F64C2ABC34ED00D55EDD /* NetworkServiceConfiguration.swift */; };
		4F38F6532ABC377900D55EDD /* CharactersRepository.swift in Sources */ = {isa = PBXBuildFile; fileRef = 4F38F6522ABC377900D55EDD /* CharactersRepository.swift */; };
		4F38F6552ABC3B6800D55EDD /* Links.swift in Sources */ = {isa = PBXBuildFile; fileRef = 4F38F6542ABC3B6800D55EDD /* Links.swift */; };
		4F38F6572ABC912B00D55EDD /* NavigationController.swift in Sources */ = {isa = PBXBuildFile; fileRef = 4F38F6562ABC912B00D55EDD /* NavigationController.swift */; };
		4F38F65A2ABCA50400D55EDD /* TitleView.swift in Sources */ = {isa = PBXBuildFile; fileRef = 4F38F6592ABCA50400D55EDD /* TitleView.swift */; };
		4F38F65F2ABDB1E800D55EDD /* CharactersLocalization.strings in Resources */ = {isa = PBXBuildFile; fileRef = 4F38F6612ABDB1E800D55EDD /* CharactersLocalization.strings */; };
		4F38F6672ABDB36B00D55EDD /* GendersLocalization.strings in Resources */ = {isa = PBXBuildFile; fileRef = 4F38F6692ABDB36B00D55EDD /* GendersLocalization.strings */; };
		4F38F66D2ABDB3C300D55EDD /* StatusLocalization.strings in Resources */ = {isa = PBXBuildFile; fileRef = 4F38F66F2ABDB3C300D55EDD /* StatusLocalization.strings */; };
		4F38F6752ABDBDC700D55EDD /* CharacterViewController.swift in Sources */ = {isa = PBXBuildFile; fileRef = 4F38F6742ABDBDC700D55EDD /* CharacterViewController.swift */; };
		4F38F6782ABDC6FE00D55EDD /* SpeciesLocalization.strings in Resources */ = {isa = PBXBuildFile; fileRef = 4F38F67A2ABDC6FE00D55EDD /* SpeciesLocalization.strings */; };
		4F7926DD2ABEDD70007ADE82 /* CustomScrollView.swift in Sources */ = {isa = PBXBuildFile; fileRef = 4F7926DC2ABEDD70007ADE82 /* CustomScrollView.swift */; };
/* End PBXBuildFile section */

/* Begin PBXContainerItemProxy section */
		4F38F5FD2ABB566D00D55EDD /* PBXContainerItemProxy */ = {
			isa = PBXContainerItemProxy;
			containerPortal = 4F38F5DE2ABB566600D55EDD /* Project object */;
			proxyType = 1;
			remoteGlobalIDString = 4F38F5E52ABB566600D55EDD;
			remoteInfo = RickAndMorty;
		};
		4F38F6072ABB566D00D55EDD /* PBXContainerItemProxy */ = {
			isa = PBXContainerItemProxy;
			containerPortal = 4F38F5DE2ABB566600D55EDD /* Project object */;
			proxyType = 1;
			remoteGlobalIDString = 4F38F5E52ABB566600D55EDD;
			remoteInfo = RickAndMorty;
		};
/* End PBXContainerItemProxy section */

/* Begin PBXFileReference section */
		4F38F5E62ABB566600D55EDD /* RickAndMorty.app */ = {isa = PBXFileReference; explicitFileType = wrapper.application; includeInIndex = 0; path = RickAndMorty.app; sourceTree = BUILT_PRODUCTS_DIR; };
		4F38F5E92ABB566600D55EDD /* AppDelegate.swift */ = {isa = PBXFileReference; lastKnownFileType = sourcecode.swift; path = AppDelegate.swift; sourceTree = "<group>"; };
		4F38F5EB2ABB566600D55EDD /* SceneDelegate.swift */ = {isa = PBXFileReference; lastKnownFileType = sourcecode.swift; path = SceneDelegate.swift; sourceTree = "<group>"; };
		4F38F5ED2ABB566600D55EDD /* ViewController.swift */ = {isa = PBXFileReference; lastKnownFileType = sourcecode.swift; path = ViewController.swift; sourceTree = "<group>"; };
		4F38F5F02ABB566600D55EDD /* Base */ = {isa = PBXFileReference; lastKnownFileType = file.storyboard; name = Base; path = Base.lproj/Main.storyboard; sourceTree = "<group>"; };
		4F38F5F22ABB566D00D55EDD /* Assets.xcassets */ = {isa = PBXFileReference; lastKnownFileType = folder.assetcatalog; path = Assets.xcassets; sourceTree = "<group>"; };
		4F38F5F52ABB566D00D55EDD /* Base */ = {isa = PBXFileReference; lastKnownFileType = file.storyboard; name = Base; path = Base.lproj/LaunchScreen.storyboard; sourceTree = "<group>"; };
		4F38F5F72ABB566D00D55EDD /* Info.plist */ = {isa = PBXFileReference; lastKnownFileType = text.plist.xml; path = Info.plist; sourceTree = "<group>"; };
		4F38F5FC2ABB566D00D55EDD /* RickAndMortyTests.xctest */ = {isa = PBXFileReference; explicitFileType = wrapper.cfbundle; includeInIndex = 0; path = RickAndMortyTests.xctest; sourceTree = BUILT_PRODUCTS_DIR; };
		4F38F6002ABB566D00D55EDD /* RickAndMortyTests.swift */ = {isa = PBXFileReference; lastKnownFileType = sourcecode.swift; path = RickAndMortyTests.swift; sourceTree = "<group>"; };
		4F38F6062ABB566D00D55EDD /* RickAndMortyUITests.xctest */ = {isa = PBXFileReference; explicitFileType = wrapper.cfbundle; includeInIndex = 0; path = RickAndMortyUITests.xctest; sourceTree = BUILT_PRODUCTS_DIR; };
		4F38F60A2ABB566D00D55EDD /* RickAndMortyUITests.swift */ = {isa = PBXFileReference; lastKnownFileType = sourcecode.swift; path = RickAndMortyUITests.swift; sourceTree = "<group>"; };
		4F38F60C2ABB566D00D55EDD /* RickAndMortyUITestsLaunchTests.swift */ = {isa = PBXFileReference; lastKnownFileType = sourcecode.swift; path = RickAndMortyUITestsLaunchTests.swift; sourceTree = "<group>"; };
		4F38F61C2ABB56E300D55EDD /* BaseViewController.swift */ = {isa = PBXFileReference; lastKnownFileType = sourcecode.swift; path = BaseViewController.swift; sourceTree = "<group>"; };
		4F38F6212ABB572200D55EDD /* CharactersListModel.swift */ = {isa = PBXFileReference; lastKnownFileType = sourcecode.swift; path = CharactersListModel.swift; sourceTree = "<group>"; };
		4F38F6232ABB588A00D55EDD /* CharacterListViewController.swift */ = {isa = PBXFileReference; lastKnownFileType = sourcecode.swift; path = CharacterListViewController.swift; sourceTree = "<group>"; };
		4F38F6252ABB58E700D55EDD /* CharacterListViewModel.swift */ = {isa = PBXFileReference; lastKnownFileType = sourcecode.swift; path = CharacterListViewModel.swift; sourceTree = "<group>"; };
		4F38F6362ABB5F0500D55EDD /* CharacterListAssembly.swift */ = {isa = PBXFileReference; lastKnownFileType = sourcecode.swift; path = CharacterListAssembly.swift; sourceTree = "<group>"; };
		4F38F6382ABB61FD00D55EDD /* Logger.swift */ = {isa = PBXFileReference; lastKnownFileType = sourcecode.swift; path = Logger.swift; sourceTree = "<group>"; };
		4F38F63B2ABB67B600D55EDD /* CharacterCell.swift */ = {isa = PBXFileReference; lastKnownFileType = sourcecode.swift; path = CharacterCell.swift; sourceTree = "<group>"; };
		4F38F63C2ABB67B600D55EDD /* CharacterCell.xib */ = {isa = PBXFileReference; lastKnownFileType = file.xib; path = CharacterCell.xib; sourceTree = "<group>"; };
		4F38F6432ABB700200D55EDD /* Resources.swift */ = {isa = PBXFileReference; lastKnownFileType = sourcecode.swift; path = Resources.swift; sourceTree = "<group>"; };
		4F38F6462ABC2FFD00D55EDD /* Response.swift */ = {isa = PBXFileReference; lastKnownFileType = sourcecode.swift; path = Response.swift; sourceTree = "<group>"; };
		4F38F6482ABC302A00D55EDD /* LoadingError.swift */ = {isa = PBXFileReference; lastKnownFileType = sourcecode.swift; path = LoadingError.swift; sourceTree = "<group>"; };
		4F38F64A2ABC315600D55EDD /* NetworkService.swift */ = {isa = PBXFileReference; lastKnownFileType = sourcecode.swift; path = NetworkService.swift; sourceTree = "<group>"; };
		4F38F64C2ABC34ED00D55EDD /* NetworkServiceConfiguration.swift */ = {isa = PBXFileReference; lastKnownFileType = sourcecode.swift; path = NetworkServiceConfiguration.swift; sourceTree = "<group>"; };
		4F38F6522ABC377900D55EDD /* CharactersRepository.swift */ = {isa = PBXFileReference; lastKnownFileType = sourcecode.swift; path = CharactersRepository.swift; sourceTree = "<group>"; };
		4F38F6542ABC3B6800D55EDD /* Links.swift */ = {isa = PBXFileReference; lastKnownFileType = sourcecode.swift; path = Links.swift; sourceTree = "<group>"; };
		4F38F6562ABC912B00D55EDD /* NavigationController.swift */ = {isa = PBXFileReference; lastKnownFileType = sourcecode.swift; path = NavigationController.swift; sourceTree = "<group>"; };
		4F38F6592ABCA50400D55EDD /* TitleView.swift */ = {isa = PBXFileReference; lastKnownFileType = sourcecode.swift; path = TitleView.swift; sourceTree = "<group>"; };
		4F38F6602ABDB1E800D55EDD /* en */ = {isa = PBXFileReference; lastKnownFileType = text.plist.strings; name = en; path = en.lproj/CharactersLocalization.strings; sourceTree = "<group>"; };
		4F38F6622ABDB1F600D55EDD /* ru */ = {isa = PBXFileReference; lastKnownFileType = text.plist.strings; name = ru; path = ru.lproj/Main.strings; sourceTree = "<group>"; };
		4F38F6632ABDB1F600D55EDD /* ru */ = {isa = PBXFileReference; lastKnownFileType = text.plist.strings; name = ru; path = ru.lproj/LaunchScreen.strings; sourceTree = "<group>"; };
		4F38F6642ABDB1F600D55EDD /* ru */ = {isa = PBXFileReference; lastKnownFileType = text.plist.strings; name = ru; path = ru.lproj/CharactersLocalization.strings; sourceTree = "<group>"; };
		4F38F6682ABDB36B00D55EDD /* en */ = {isa = PBXFileReference; lastKnownFileType = text.plist.strings; name = en; path = en.lproj/GendersLocalization.strings; sourceTree = "<group>"; };
		4F38F66A2ABDB36D00D55EDD /* ru */ = {isa = PBXFileReference; lastKnownFileType = text.plist.strings; name = ru; path = ru.lproj/GendersLocalization.strings; sourceTree = "<group>"; };
		4F38F66E2ABDB3C300D55EDD /* en */ = {isa = PBXFileReference; lastKnownFileType = text.plist.strings; name = en; path = en.lproj/StatusLocalization.strings; sourceTree = "<group>"; };
		4F38F6702ABDB3CB00D55EDD /* ru */ = {isa = PBXFileReference; lastKnownFileType = text.plist.strings; name = ru; path = ru.lproj/StatusLocalization.strings; sourceTree = "<group>"; };
		4F38F6742ABDBDC700D55EDD /* CharacterViewController.swift */ = {isa = PBXFileReference; lastKnownFileType = sourcecode.swift; path = CharacterViewController.swift; sourceTree = "<group>"; };
		4F38F6792ABDC6FE00D55EDD /* en */ = {isa = PBXFileReference; lastKnownFileType = text.plist.strings; name = en; path = en.lproj/SpeciesLocalization.strings; sourceTree = "<group>"; };
		4F38F67B2ABDC6FF00D55EDD /* ru */ = {isa = PBXFileReference; lastKnownFileType = text.plist.strings; name = ru; path = ru.lproj/SpeciesLocalization.strings; sourceTree = "<group>"; };
		4F7926DC2ABEDD70007ADE82 /* CustomScrollView.swift */ = {isa = PBXFileReference; lastKnownFileType = sourcecode.swift; path = CustomScrollView.swift; sourceTree = "<group>"; };
/* End PBXFileReference section */

/* Begin PBXFrameworksBuildPhase section */
		4F38F5E32ABB566600D55EDD /* Frameworks */ = {
			isa = PBXFrameworksBuildPhase;
			buildActionMask = 2147483647;
			files = (
				4F38F6302ABB592E00D55EDD /* Differentiator in Frameworks */,
				4F38F62D2ABB591600D55EDD /* RxSwift in Frameworks */,
				4F38F6412ABB67C600D55EDD /* Kingfisher in Frameworks */,
				4F38F62B2ABB591600D55EDD /* RxRelay in Frameworks */,
				4F38F6352ABB594200D55EDD /* Alamofire in Frameworks */,
				4F38F6322ABB592E00D55EDD /* RxDataSources in Frameworks */,
				4F38F6292ABB591600D55EDD /* RxCocoa in Frameworks */,
			);
			runOnlyForDeploymentPostprocessing = 0;
		};
		4F38F5F92ABB566D00D55EDD /* Frameworks */ = {
			isa = PBXFrameworksBuildPhase;
			buildActionMask = 2147483647;
			files = (
			);
			runOnlyForDeploymentPostprocessing = 0;
		};
		4F38F6032ABB566D00D55EDD /* Frameworks */ = {
			isa = PBXFrameworksBuildPhase;
			buildActionMask = 2147483647;
			files = (
			);
			runOnlyForDeploymentPostprocessing = 0;
		};
/* End PBXFrameworksBuildPhase section */

/* Begin PBXGroup section */
		4F38F5DD2ABB566600D55EDD = {
			isa = PBXGroup;
			children = (
				4F38F5E82ABB566600D55EDD /* RickAndMorty */,
				4F38F5FF2ABB566D00D55EDD /* RickAndMortyTests */,
				4F38F6092ABB566D00D55EDD /* RickAndMortyUITests */,
				4F38F5E72ABB566600D55EDD /* Products */,
			);
			sourceTree = "<group>";
		};
		4F38F5E72ABB566600D55EDD /* Products */ = {
			isa = PBXGroup;
			children = (
				4F38F5E62ABB566600D55EDD /* RickAndMorty.app */,
				4F38F5FC2ABB566D00D55EDD /* RickAndMortyTests.xctest */,
				4F38F6062ABB566D00D55EDD /* RickAndMortyUITests.xctest */,
			);
			name = Products;
			sourceTree = "<group>";
		};
		4F38F5E82ABB566600D55EDD /* RickAndMorty */ = {
			isa = PBXGroup;
			children = (
				4F38F6582ABCA4F800D55EDD /* Shared */,
				4F38F6502ABC374200D55EDD /* Repositories */,
				4F38F6422ABB6FD600D55EDD /* Resources */,
				4F38F61A2ABB56C100D55EDD /* Modules */,
				4F38F6192ABB56BB00D55EDD /* Core */,
				4F38F5ED2ABB566600D55EDD /* ViewController.swift */,
				4F38F5EF2ABB566600D55EDD /* Main.storyboard */,
				4F38F5F42ABB566D00D55EDD /* LaunchScreen.storyboard */,
				4F38F5F72ABB566D00D55EDD /* Info.plist */,
			);
			path = RickAndMorty;
			sourceTree = "<group>";
		};
		4F38F5FF2ABB566D00D55EDD /* RickAndMortyTests */ = {
			isa = PBXGroup;
			children = (
				4F38F6002ABB566D00D55EDD /* RickAndMortyTests.swift */,
			);
			path = RickAndMortyTests;
			sourceTree = "<group>";
		};
		4F38F6092ABB566D00D55EDD /* RickAndMortyUITests */ = {
			isa = PBXGroup;
			children = (
				4F38F60A2ABB566D00D55EDD /* RickAndMortyUITests.swift */,
				4F38F60C2ABB566D00D55EDD /* RickAndMortyUITestsLaunchTests.swift */,
			);
			path = RickAndMortyUITests;
			sourceTree = "<group>";
		};
		4F38F6192ABB56BB00D55EDD /* Core */ = {
			isa = PBXGroup;
			children = (
				4F38F6452ABC2FE300D55EDD /* Network */,
				4F38F5EB2ABB566600D55EDD /* SceneDelegate.swift */,
				4F38F5E92ABB566600D55EDD /* AppDelegate.swift */,
				4F38F61C2ABB56E300D55EDD /* BaseViewController.swift */,
				4F38F6382ABB61FD00D55EDD /* Logger.swift */,
				4F38F6562ABC912B00D55EDD /* NavigationController.swift */,
			);
			path = Core;
			sourceTree = "<group>";
		};
		4F38F61A2ABB56C100D55EDD /* Modules */ = {
			isa = PBXGroup;
			children = (
				4F38F6712ABDBDA800D55EDD /* CharacterModule */,
				4F38F61B2ABB56C600D55EDD /* CharactesListModule */,
			);
			path = Modules;
			sourceTree = "<group>";
		};
		4F38F61B2ABB56C600D55EDD /* CharactesListModule */ = {
			isa = PBXGroup;
			children = (
				4F38F6202ABB570C00D55EDD /* Model */,
				4F38F61F2ABB570800D55EDD /* ViewModel */,
				4F38F61E2ABB570000D55EDD /* View */,
				4F38F6362ABB5F0500D55EDD /* CharacterListAssembly.swift */,
			);
			path = CharactesListModule;
			sourceTree = "<group>";
		};
		4F38F61E2ABB570000D55EDD /* View */ = {
			isa = PBXGroup;
			children = (
				4F38F63A2ABB679D00D55EDD /* Cell */,
				4F38F6232ABB588A00D55EDD /* CharacterListViewController.swift */,
			);
			path = View;
			sourceTree = "<group>";
		};
		4F38F61F2ABB570800D55EDD /* ViewModel */ = {
			isa = PBXGroup;
			children = (
				4F38F6252ABB58E700D55EDD /* CharacterListViewModel.swift */,
			);
			path = ViewModel;
			sourceTree = "<group>";
		};
		4F38F6202ABB570C00D55EDD /* Model */ = {
			isa = PBXGroup;
			children = (
				4F38F6212ABB572200D55EDD /* CharactersListModel.swift */,
			);
			path = Model;
			sourceTree = "<group>";
		};
		4F38F63A2ABB679D00D55EDD /* Cell */ = {
			isa = PBXGroup;
			children = (
				4F38F63B2ABB67B600D55EDD /* CharacterCell.swift */,
				4F38F63C2ABB67B600D55EDD /* CharacterCell.xib */,
			);
			path = Cell;
			sourceTree = "<group>";
		};
		4F38F6422ABB6FD600D55EDD /* Resources */ = {
			isa = PBXGroup;
			children = (
				4F38F65B2ABDB15100D55EDD /* Localization */,
				4F38F5F22ABB566D00D55EDD /* Assets.xcassets */,
				4F38F6432ABB700200D55EDD /* Resources.swift */,
			);
			path = Resources;
			sourceTree = "<group>";
		};
		4F38F6452ABC2FE300D55EDD /* Network */ = {
			isa = PBXGroup;
			children = (
				4F38F6462ABC2FFD00D55EDD /* Response.swift */,
				4F38F6482ABC302A00D55EDD /* LoadingError.swift */,
				4F38F64A2ABC315600D55EDD /* NetworkService.swift */,
				4F38F64C2ABC34ED00D55EDD /* NetworkServiceConfiguration.swift */,
				4F38F6542ABC3B6800D55EDD /* Links.swift */,
			);
			path = Network;
			sourceTree = "<group>";
		};
		4F38F6502ABC374200D55EDD /* Repositories */ = {
			isa = PBXGroup;
			children = (
				4F38F6512ABC375300D55EDD /* CharactersRepository */,
			);
			path = Repositories;
			sourceTree = "<group>";
		};
		4F38F6512ABC375300D55EDD /* CharactersRepository */ = {
			isa = PBXGroup;
			children = (
				4F38F6522ABC377900D55EDD /* CharactersRepository.swift */,
			);
			path = CharactersRepository;
			sourceTree = "<group>";
		};
		4F38F6582ABCA4F800D55EDD /* Shared */ = {
			isa = PBXGroup;
			children = (
				4F38F6592ABCA50400D55EDD /* TitleView.swift */,
				4F7926DC2ABEDD70007ADE82 /* CustomScrollView.swift */,
			);
			path = Shared;
			sourceTree = "<group>";
		};
		4F38F65B2ABDB15100D55EDD /* Localization */ = {
			isa = PBXGroup;
			children = (
				4F38F6612ABDB1E800D55EDD /* CharactersLocalization.strings */,
				4F38F6692ABDB36B00D55EDD /* GendersLocalization.strings */,
				4F38F66F2ABDB3C300D55EDD /* StatusLocalization.strings */,
				4F38F67A2ABDC6FE00D55EDD /* SpeciesLocalization.strings */,
			);
			path = Localization;
			sourceTree = "<group>";
		};
		4F38F6712ABDBDA800D55EDD /* CharacterModule */ = {
			isa = PBXGroup;
			children = (
				4F38F6732ABDBDB000D55EDD /* ViewModel */,
				4F38F6722ABDBDAD00D55EDD /* View */,
			);
			path = CharacterModule;
			sourceTree = "<group>";
		};
		4F38F6722ABDBDAD00D55EDD /* View */ = {
			isa = PBXGroup;
			children = (
				4F38F6742ABDBDC700D55EDD /* CharacterViewController.swift */,
			);
			path = View;
			sourceTree = "<group>";
		};
		4F38F6732ABDBDB000D55EDD /* ViewModel */ = {
			isa = PBXGroup;
			children = (
			);
			path = ViewModel;
			sourceTree = "<group>";
		};
/* End PBXGroup section */

/* Begin PBXNativeTarget section */
		4F38F5E52ABB566600D55EDD /* RickAndMorty */ = {
			isa = PBXNativeTarget;
			buildConfigurationList = 4F38F6102ABB566D00D55EDD /* Build configuration list for PBXNativeTarget "RickAndMorty" */;
			buildPhases = (
				4F38F5E22ABB566600D55EDD /* Sources */,
				4F38F5E32ABB566600D55EDD /* Frameworks */,
				4F38F5E42ABB566600D55EDD /* Resources */,
			);
			buildRules = (
			);
			dependencies = (
			);
			name = RickAndMorty;
			packageProductDependencies = (
				4F38F6282ABB591600D55EDD /* RxCocoa */,
				4F38F62A2ABB591600D55EDD /* RxRelay */,
				4F38F62C2ABB591600D55EDD /* RxSwift */,
				4F38F62F2ABB592E00D55EDD /* Differentiator */,
				4F38F6312ABB592E00D55EDD /* RxDataSources */,
				4F38F6342ABB594200D55EDD /* Alamofire */,
				4F38F6402ABB67C600D55EDD /* Kingfisher */,
			);
			productName = RickAndMorty;
			productReference = 4F38F5E62ABB566600D55EDD /* RickAndMorty.app */;
			productType = "com.apple.product-type.application";
		};
		4F38F5FB2ABB566D00D55EDD /* RickAndMortyTests */ = {
			isa = PBXNativeTarget;
			buildConfigurationList = 4F38F6132ABB566D00D55EDD /* Build configuration list for PBXNativeTarget "RickAndMortyTests" */;
			buildPhases = (
				4F38F5F82ABB566D00D55EDD /* Sources */,
				4F38F5F92ABB566D00D55EDD /* Frameworks */,
				4F38F5FA2ABB566D00D55EDD /* Resources */,
			);
			buildRules = (
			);
			dependencies = (
				4F38F5FE2ABB566D00D55EDD /* PBXTargetDependency */,
			);
			name = RickAndMortyTests;
			productName = RickAndMortyTests;
			productReference = 4F38F5FC2ABB566D00D55EDD /* RickAndMortyTests.xctest */;
			productType = "com.apple.product-type.bundle.unit-test";
		};
		4F38F6052ABB566D00D55EDD /* RickAndMortyUITests */ = {
			isa = PBXNativeTarget;
			buildConfigurationList = 4F38F6162ABB566D00D55EDD /* Build configuration list for PBXNativeTarget "RickAndMortyUITests" */;
			buildPhases = (
				4F38F6022ABB566D00D55EDD /* Sources */,
				4F38F6032ABB566D00D55EDD /* Frameworks */,
				4F38F6042ABB566D00D55EDD /* Resources */,
			);
			buildRules = (
			);
			dependencies = (
				4F38F6082ABB566D00D55EDD /* PBXTargetDependency */,
			);
			name = RickAndMortyUITests;
			productName = RickAndMortyUITests;
			productReference = 4F38F6062ABB566D00D55EDD /* RickAndMortyUITests.xctest */;
			productType = "com.apple.product-type.bundle.ui-testing";
		};
/* End PBXNativeTarget section */

/* Begin PBXProject section */
		4F38F5DE2ABB566600D55EDD /* Project object */ = {
			isa = PBXProject;
			attributes = {
				BuildIndependentTargetsInParallel = 1;
				LastSwiftUpdateCheck = 1420;
				LastUpgradeCheck = 1420;
				TargetAttributes = {
					4F38F5E52ABB566600D55EDD = {
						CreatedOnToolsVersion = 14.2;
					};
					4F38F5FB2ABB566D00D55EDD = {
						CreatedOnToolsVersion = 14.2;
						TestTargetID = 4F38F5E52ABB566600D55EDD;
					};
					4F38F6052ABB566D00D55EDD = {
						CreatedOnToolsVersion = 14.2;
						TestTargetID = 4F38F5E52ABB566600D55EDD;
					};
				};
			};
			buildConfigurationList = 4F38F5E12ABB566600D55EDD /* Build configuration list for PBXProject "RickAndMorty" */;
			compatibilityVersion = "Xcode 14.0";
			developmentRegion = en;
			hasScannedForEncodings = 0;
			knownRegions = (
				en,
				Base,
				ru,
			);
			mainGroup = 4F38F5DD2ABB566600D55EDD;
			packageReferences = (
				4F38F6272ABB591600D55EDD /* XCRemoteSwiftPackageReference "RxSwift" */,
				4F38F62E2ABB592E00D55EDD /* XCRemoteSwiftPackageReference "RxDataSources" */,
				4F38F6332ABB594200D55EDD /* XCRemoteSwiftPackageReference "Alamofire" */,
				4F38F63F2ABB67C600D55EDD /* XCRemoteSwiftPackageReference "Kingfisher" */,
			);
			productRefGroup = 4F38F5E72ABB566600D55EDD /* Products */;
			projectDirPath = "";
			projectRoot = "";
			targets = (
				4F38F5E52ABB566600D55EDD /* RickAndMorty */,
				4F38F5FB2ABB566D00D55EDD /* RickAndMortyTests */,
				4F38F6052ABB566D00D55EDD /* RickAndMortyUITests */,
			);
		};
/* End PBXProject section */

/* Begin PBXResourcesBuildPhase section */
		4F38F5E42ABB566600D55EDD /* Resources */ = {
			isa = PBXResourcesBuildPhase;
			buildActionMask = 2147483647;
			files = (
				4F38F6782ABDC6FE00D55EDD /* SpeciesLocalization.strings in Resources */,
				4F38F66D2ABDB3C300D55EDD /* StatusLocalization.strings in Resources */,
				4F38F65F2ABDB1E800D55EDD /* CharactersLocalization.strings in Resources */,
				4F38F5F62ABB566D00D55EDD /* LaunchScreen.storyboard in Resources */,
				4F38F6672ABDB36B00D55EDD /* GendersLocalization.strings in Resources */,
				4F38F5F32ABB566D00D55EDD /* Assets.xcassets in Resources */,
				4F38F5F12ABB566600D55EDD /* Main.storyboard in Resources */,
				4F38F63E2ABB67B600D55EDD /* CharacterCell.xib in Resources */,
			);
			runOnlyForDeploymentPostprocessing = 0;
		};
		4F38F5FA2ABB566D00D55EDD /* Resources */ = {
			isa = PBXResourcesBuildPhase;
			buildActionMask = 2147483647;
			files = (
			);
			runOnlyForDeploymentPostprocessing = 0;
		};
		4F38F6042ABB566D00D55EDD /* Resources */ = {
			isa = PBXResourcesBuildPhase;
			buildActionMask = 2147483647;
			files = (
			);
			runOnlyForDeploymentPostprocessing = 0;
		};
/* End PBXResourcesBuildPhase section */

/* Begin PBXSourcesBuildPhase section */
		4F38F5E22ABB566600D55EDD /* Sources */ = {
			isa = PBXSourcesBuildPhase;
			buildActionMask = 2147483647;
			files = (
				4F38F5EE2ABB566600D55EDD /* ViewController.swift in Sources */,
				4F38F61D2ABB56E300D55EDD /* BaseViewController.swift in Sources */,
				4F7926DD2ABEDD70007ADE82 /* CustomScrollView.swift in Sources */,
				4F38F6492ABC302A00D55EDD /* LoadingError.swift in Sources */,
				4F38F5EA2ABB566600D55EDD /* AppDelegate.swift in Sources */,
				4F38F6262ABB58E700D55EDD /* CharacterListViewModel.swift in Sources */,
				4F38F6532ABC377900D55EDD /* CharactersRepository.swift in Sources */,
				4F38F6472ABC2FFD00D55EDD /* Response.swift in Sources */,
				4F38F64B2ABC315600D55EDD /* NetworkService.swift in Sources */,
				4F38F6392ABB61FD00D55EDD /* Logger.swift in Sources */,
				4F38F63D2ABB67B600D55EDD /* CharacterCell.swift in Sources */,
				4F38F6222ABB572200D55EDD /* CharactersListModel.swift in Sources */,
				4F38F6242ABB588A00D55EDD /* CharacterListViewController.swift in Sources */,
				4F38F6552ABC3B6800D55EDD /* Links.swift in Sources */,
				4F38F6572ABC912B00D55EDD /* NavigationController.swift in Sources */,
				4F38F65A2ABCA50400D55EDD /* TitleView.swift in Sources */,
				4F38F64D2ABC34ED00D55EDD /* NetworkServiceConfiguration.swift in Sources */,
				4F38F6752ABDBDC700D55EDD /* CharacterViewController.swift in Sources */,
				4F38F6442ABB700200D55EDD /* Resources.swift in Sources */,
				4F38F5EC2ABB566600D55EDD /* SceneDelegate.swift in Sources */,
				4F38F6372ABB5F0500D55EDD /* CharacterListAssembly.swift in Sources */,
			);
			runOnlyForDeploymentPostprocessing = 0;
		};
		4F38F5F82ABB566D00D55EDD /* Sources */ = {
			isa = PBXSourcesBuildPhase;
			buildActionMask = 2147483647;
			files = (
				4F38F6012ABB566D00D55EDD /* RickAndMortyTests.swift in Sources */,
			);
			runOnlyForDeploymentPostprocessing = 0;
		};
		4F38F6022ABB566D00D55EDD /* Sources */ = {
			isa = PBXSourcesBuildPhase;
			buildActionMask = 2147483647;
			files = (
				4F38F60B2ABB566D00D55EDD /* RickAndMortyUITests.swift in Sources */,
				4F38F60D2ABB566D00D55EDD /* RickAndMortyUITestsLaunchTests.swift in Sources */,
			);
			runOnlyForDeploymentPostprocessing = 0;
		};
/* End PBXSourcesBuildPhase section */

/* Begin PBXTargetDependency section */
		4F38F5FE2ABB566D00D55EDD /* PBXTargetDependency */ = {
			isa = PBXTargetDependency;
			target = 4F38F5E52ABB566600D55EDD /* RickAndMorty */;
			targetProxy = 4F38F5FD2ABB566D00D55EDD /* PBXContainerItemProxy */;
		};
		4F38F6082ABB566D00D55EDD /* PBXTargetDependency */ = {
			isa = PBXTargetDependency;
			target = 4F38F5E52ABB566600D55EDD /* RickAndMorty */;
			targetProxy = 4F38F6072ABB566D00D55EDD /* PBXContainerItemProxy */;
		};
/* End PBXTargetDependency section */

/* Begin PBXVariantGroup section */
		4F38F5EF2ABB566600D55EDD /* Main.storyboard */ = {
			isa = PBXVariantGroup;
			children = (
				4F38F5F02ABB566600D55EDD /* Base */,
				4F38F6622ABDB1F600D55EDD /* ru */,
			);
			name = Main.storyboard;
			sourceTree = "<group>";
		};
		4F38F5F42ABB566D00D55EDD /* LaunchScreen.storyboard */ = {
			isa = PBXVariantGroup;
			children = (
				4F38F5F52ABB566D00D55EDD /* Base */,
				4F38F6632ABDB1F600D55EDD /* ru */,
			);
			name = LaunchScreen.storyboard;
			sourceTree = "<group>";
		};
		4F38F6612ABDB1E800D55EDD /* CharactersLocalization.strings */ = {
			isa = PBXVariantGroup;
			children = (
				4F38F6602ABDB1E800D55EDD /* en */,
				4F38F6642ABDB1F600D55EDD /* ru */,
			);
			name = CharactersLocalization.strings;
			sourceTree = "<group>";
		};
		4F38F6692ABDB36B00D55EDD /* GendersLocalization.strings */ = {
			isa = PBXVariantGroup;
			children = (
				4F38F6682ABDB36B00D55EDD /* en */,
				4F38F66A2ABDB36D00D55EDD /* ru */,
			);
			name = GendersLocalization.strings;
			sourceTree = "<group>";
		};
		4F38F66F2ABDB3C300D55EDD /* StatusLocalization.strings */ = {
			isa = PBXVariantGroup;
			children = (
				4F38F66E2ABDB3C300D55EDD /* en */,
				4F38F6702ABDB3CB00D55EDD /* ru */,
			);
			name = StatusLocalization.strings;
			sourceTree = "<group>";
		};
		4F38F67A2ABDC6FE00D55EDD /* SpeciesLocalization.strings */ = {
			isa = PBXVariantGroup;
			children = (
				4F38F6792ABDC6FE00D55EDD /* en */,
				4F38F67B2ABDC6FF00D55EDD /* ru */,
			);
			name = SpeciesLocalization.strings;
			sourceTree = "<group>";
		};
/* End PBXVariantGroup section */

/* Begin XCBuildConfiguration section */
		4F38F60E2ABB566D00D55EDD /* Debug */ = {
			isa = XCBuildConfiguration;
			buildSettings = {
				ALWAYS_SEARCH_USER_PATHS = NO;
				CLANG_ANALYZER_LOCALIZABILITY_NONLOCALIZED = YES;
				CLANG_ANALYZER_NONNULL = YES;
				CLANG_ANALYZER_NUMBER_OBJECT_CONVERSION = YES_AGGRESSIVE;
				CLANG_CXX_LANGUAGE_STANDARD = "gnu++20";
				CLANG_ENABLE_MODULES = YES;
				CLANG_ENABLE_OBJC_ARC = YES;
				CLANG_ENABLE_OBJC_WEAK = YES;
				CLANG_WARN_BLOCK_CAPTURE_AUTORELEASING = YES;
				CLANG_WARN_BOOL_CONVERSION = YES;
				CLANG_WARN_COMMA = YES;
				CLANG_WARN_CONSTANT_CONVERSION = YES;
				CLANG_WARN_DEPRECATED_OBJC_IMPLEMENTATIONS = YES;
				CLANG_WARN_DIRECT_OBJC_ISA_USAGE = YES_ERROR;
				CLANG_WARN_DOCUMENTATION_COMMENTS = YES;
				CLANG_WARN_EMPTY_BODY = YES;
				CLANG_WARN_ENUM_CONVERSION = YES;
				CLANG_WARN_INFINITE_RECURSION = YES;
				CLANG_WARN_INT_CONVERSION = YES;
				CLANG_WARN_NON_LITERAL_NULL_CONVERSION = YES;
				CLANG_WARN_OBJC_IMPLICIT_RETAIN_SELF = YES;
				CLANG_WARN_OBJC_LITERAL_CONVERSION = YES;
				CLANG_WARN_OBJC_ROOT_CLASS = YES_ERROR;
				CLANG_WARN_QUOTED_INCLUDE_IN_FRAMEWORK_HEADER = YES;
				CLANG_WARN_RANGE_LOOP_ANALYSIS = YES;
				CLANG_WARN_STRICT_PROTOTYPES = YES;
				CLANG_WARN_SUSPICIOUS_MOVE = YES;
				CLANG_WARN_UNGUARDED_AVAILABILITY = YES_AGGRESSIVE;
				CLANG_WARN_UNREACHABLE_CODE = YES;
				CLANG_WARN__DUPLICATE_METHOD_MATCH = YES;
				COPY_PHASE_STRIP = NO;
				DEBUG_INFORMATION_FORMAT = dwarf;
				ENABLE_STRICT_OBJC_MSGSEND = YES;
				ENABLE_TESTABILITY = YES;
				GCC_C_LANGUAGE_STANDARD = gnu11;
				GCC_DYNAMIC_NO_PIC = NO;
				GCC_NO_COMMON_BLOCKS = YES;
				GCC_OPTIMIZATION_LEVEL = 0;
				GCC_PREPROCESSOR_DEFINITIONS = (
					"DEBUG=1",
					"$(inherited)",
				);
				GCC_WARN_64_TO_32_BIT_CONVERSION = YES;
				GCC_WARN_ABOUT_RETURN_TYPE = YES_ERROR;
				GCC_WARN_UNDECLARED_SELECTOR = YES;
				GCC_WARN_UNINITIALIZED_AUTOS = YES_AGGRESSIVE;
				GCC_WARN_UNUSED_FUNCTION = YES;
				GCC_WARN_UNUSED_VARIABLE = YES;
				IPHONEOS_DEPLOYMENT_TARGET = 16.2;
				MTL_ENABLE_DEBUG_INFO = INCLUDE_SOURCE;
				MTL_FAST_MATH = YES;
				ONLY_ACTIVE_ARCH = YES;
				SDKROOT = iphoneos;
				SWIFT_ACTIVE_COMPILATION_CONDITIONS = DEBUG;
				SWIFT_OPTIMIZATION_LEVEL = "-Onone";
			};
			name = Debug;
		};
		4F38F60F2ABB566D00D55EDD /* Release */ = {
			isa = XCBuildConfiguration;
			buildSettings = {
				ALWAYS_SEARCH_USER_PATHS = NO;
				CLANG_ANALYZER_LOCALIZABILITY_NONLOCALIZED = YES;
				CLANG_ANALYZER_NONNULL = YES;
				CLANG_ANALYZER_NUMBER_OBJECT_CONVERSION = YES_AGGRESSIVE;
				CLANG_CXX_LANGUAGE_STANDARD = "gnu++20";
				CLANG_ENABLE_MODULES = YES;
				CLANG_ENABLE_OBJC_ARC = YES;
				CLANG_ENABLE_OBJC_WEAK = YES;
				CLANG_WARN_BLOCK_CAPTURE_AUTORELEASING = YES;
				CLANG_WARN_BOOL_CONVERSION = YES;
				CLANG_WARN_COMMA = YES;
				CLANG_WARN_CONSTANT_CONVERSION = YES;
				CLANG_WARN_DEPRECATED_OBJC_IMPLEMENTATIONS = YES;
				CLANG_WARN_DIRECT_OBJC_ISA_USAGE = YES_ERROR;
				CLANG_WARN_DOCUMENTATION_COMMENTS = YES;
				CLANG_WARN_EMPTY_BODY = YES;
				CLANG_WARN_ENUM_CONVERSION = YES;
				CLANG_WARN_INFINITE_RECURSION = YES;
				CLANG_WARN_INT_CONVERSION = YES;
				CLANG_WARN_NON_LITERAL_NULL_CONVERSION = YES;
				CLANG_WARN_OBJC_IMPLICIT_RETAIN_SELF = YES;
				CLANG_WARN_OBJC_LITERAL_CONVERSION = YES;
				CLANG_WARN_OBJC_ROOT_CLASS = YES_ERROR;
				CLANG_WARN_QUOTED_INCLUDE_IN_FRAMEWORK_HEADER = YES;
				CLANG_WARN_RANGE_LOOP_ANALYSIS = YES;
				CLANG_WARN_STRICT_PROTOTYPES = YES;
				CLANG_WARN_SUSPICIOUS_MOVE = YES;
				CLANG_WARN_UNGUARDED_AVAILABILITY = YES_AGGRESSIVE;
				CLANG_WARN_UNREACHABLE_CODE = YES;
				CLANG_WARN__DUPLICATE_METHOD_MATCH = YES;
				COPY_PHASE_STRIP = NO;
				DEBUG_INFORMATION_FORMAT = "dwarf-with-dsym";
				ENABLE_NS_ASSERTIONS = NO;
				ENABLE_STRICT_OBJC_MSGSEND = YES;
				GCC_C_LANGUAGE_STANDARD = gnu11;
				GCC_NO_COMMON_BLOCKS = YES;
				GCC_WARN_64_TO_32_BIT_CONVERSION = YES;
				GCC_WARN_ABOUT_RETURN_TYPE = YES_ERROR;
				GCC_WARN_UNDECLARED_SELECTOR = YES;
				GCC_WARN_UNINITIALIZED_AUTOS = YES_AGGRESSIVE;
				GCC_WARN_UNUSED_FUNCTION = YES;
				GCC_WARN_UNUSED_VARIABLE = YES;
				IPHONEOS_DEPLOYMENT_TARGET = 16.2;
				MTL_ENABLE_DEBUG_INFO = NO;
				MTL_FAST_MATH = YES;
				SDKROOT = iphoneos;
				SWIFT_COMPILATION_MODE = wholemodule;
				SWIFT_OPTIMIZATION_LEVEL = "-O";
				VALIDATE_PRODUCT = YES;
			};
			name = Release;
		};
		4F38F6112ABB566D00D55EDD /* Debug */ = {
			isa = XCBuildConfiguration;
			buildSettings = {
				ASSETCATALOG_COMPILER_APPICON_NAME = AppIcon;
				ASSETCATALOG_COMPILER_GLOBAL_ACCENT_COLOR_NAME = AccentColor;
				CODE_SIGN_STYLE = Automatic;
				CURRENT_PROJECT_VERSION = 1;
				DEVELOPMENT_TEAM = ZR7Z862SYX;
				GENERATE_INFOPLIST_FILE = YES;
				INFOPLIST_FILE = RickAndMorty/Info.plist;
				INFOPLIST_KEY_UIApplicationSupportsIndirectInputEvents = YES;
				INFOPLIST_KEY_UILaunchStoryboardName = LaunchScreen;
				INFOPLIST_KEY_UIMainStoryboardFile = Main;
				INFOPLIST_KEY_UISupportedInterfaceOrientations_iPad = "UIInterfaceOrientationPortrait UIInterfaceOrientationPortraitUpsideDown UIInterfaceOrientationLandscapeLeft UIInterfaceOrientationLandscapeRight";
				INFOPLIST_KEY_UISupportedInterfaceOrientations_iPhone = "UIInterfaceOrientationPortrait UIInterfaceOrientationLandscapeLeft UIInterfaceOrientationLandscapeRight";
				IPHONEOS_DEPLOYMENT_TARGET = 15.0;
				LD_RUNPATH_SEARCH_PATHS = (
					"$(inherited)",
					"@executable_path/Frameworks",
				);
				MARKETING_VERSION = 1.0;
				PRODUCT_BUNDLE_IDENTIFIER = com.RickAndMorty;
				PRODUCT_NAME = "$(TARGET_NAME)";
				SWIFT_EMIT_LOC_STRINGS = YES;
				SWIFT_VERSION = 5.0;
				TARGETED_DEVICE_FAMILY = "1,2";
			};
			name = Debug;
		};
		4F38F6122ABB566D00D55EDD /* Release */ = {
			isa = XCBuildConfiguration;
			buildSettings = {
				ASSETCATALOG_COMPILER_APPICON_NAME = AppIcon;
				ASSETCATALOG_COMPILER_GLOBAL_ACCENT_COLOR_NAME = AccentColor;
				CODE_SIGN_STYLE = Automatic;
				CURRENT_PROJECT_VERSION = 1;
				DEVELOPMENT_TEAM = ZR7Z862SYX;
				GENERATE_INFOPLIST_FILE = YES;
				INFOPLIST_FILE = RickAndMorty/Info.plist;
				INFOPLIST_KEY_UIApplicationSupportsIndirectInputEvents = YES;
				INFOPLIST_KEY_UILaunchStoryboardName = LaunchScreen;
				INFOPLIST_KEY_UIMainStoryboardFile = Main;
				INFOPLIST_KEY_UISupportedInterfaceOrientations_iPad = "UIInterfaceOrientationPortrait UIInterfaceOrientationPortraitUpsideDown UIInterfaceOrientationLandscapeLeft UIInterfaceOrientationLandscapeRight";
				INFOPLIST_KEY_UISupportedInterfaceOrientations_iPhone = "UIInterfaceOrientationPortrait UIInterfaceOrientationLandscapeLeft UIInterfaceOrientationLandscapeRight";
				IPHONEOS_DEPLOYMENT_TARGET = 15.0;
				LD_RUNPATH_SEARCH_PATHS = (
					"$(inherited)",
					"@executable_path/Frameworks",
				);
				MARKETING_VERSION = 1.0;
				PRODUCT_BUNDLE_IDENTIFIER = com.RickAndMorty;
				PRODUCT_NAME = "$(TARGET_NAME)";
				SWIFT_EMIT_LOC_STRINGS = YES;
				SWIFT_VERSION = 5.0;
				TARGETED_DEVICE_FAMILY = "1,2";
			};
			name = Release;
		};
		4F38F6142ABB566D00D55EDD /* Debug */ = {
			isa = XCBuildConfiguration;
			buildSettings = {
				ALWAYS_EMBED_SWIFT_STANDARD_LIBRARIES = YES;
				BUNDLE_LOADER = "$(TEST_HOST)";
				CODE_SIGN_STYLE = Automatic;
				CURRENT_PROJECT_VERSION = 1;
				DEVELOPMENT_TEAM = ZR7Z862SYX;
				GENERATE_INFOPLIST_FILE = YES;
				IPHONEOS_DEPLOYMENT_TARGET = 16.2;
				MARKETING_VERSION = 1.0;
				PRODUCT_BUNDLE_IDENTIFIER = com.RickAndMortyTests;
				PRODUCT_NAME = "$(TARGET_NAME)";
				SWIFT_EMIT_LOC_STRINGS = NO;
				SWIFT_VERSION = 5.0;
				TARGETED_DEVICE_FAMILY = "1,2";
				TEST_HOST = "$(BUILT_PRODUCTS_DIR)/RickAndMorty.app/$(BUNDLE_EXECUTABLE_FOLDER_PATH)/RickAndMorty";
			};
			name = Debug;
		};
		4F38F6152ABB566D00D55EDD /* Release */ = {
			isa = XCBuildConfiguration;
			buildSettings = {
				ALWAYS_EMBED_SWIFT_STANDARD_LIBRARIES = YES;
				BUNDLE_LOADER = "$(TEST_HOST)";
				CODE_SIGN_STYLE = Automatic;
				CURRENT_PROJECT_VERSION = 1;
				DEVELOPMENT_TEAM = ZR7Z862SYX;
				GENERATE_INFOPLIST_FILE = YES;
				IPHONEOS_DEPLOYMENT_TARGET = 16.2;
				MARKETING_VERSION = 1.0;
				PRODUCT_BUNDLE_IDENTIFIER = com.RickAndMortyTests;
				PRODUCT_NAME = "$(TARGET_NAME)";
				SWIFT_EMIT_LOC_STRINGS = NO;
				SWIFT_VERSION = 5.0;
				TARGETED_DEVICE_FAMILY = "1,2";
				TEST_HOST = "$(BUILT_PRODUCTS_DIR)/RickAndMorty.app/$(BUNDLE_EXECUTABLE_FOLDER_PATH)/RickAndMorty";
			};
			name = Release;
		};
		4F38F6172ABB566D00D55EDD /* Debug */ = {
			isa = XCBuildConfiguration;
			buildSettings = {
				ALWAYS_EMBED_SWIFT_STANDARD_LIBRARIES = YES;
				CODE_SIGN_STYLE = Automatic;
				CURRENT_PROJECT_VERSION = 1;
				DEVELOPMENT_TEAM = ZR7Z862SYX;
				GENERATE_INFOPLIST_FILE = YES;
				MARKETING_VERSION = 1.0;
				PRODUCT_BUNDLE_IDENTIFIER = com.RickAndMortyUITests;
				PRODUCT_NAME = "$(TARGET_NAME)";
				SWIFT_EMIT_LOC_STRINGS = NO;
				SWIFT_VERSION = 5.0;
				TARGETED_DEVICE_FAMILY = "1,2";
				TEST_TARGET_NAME = RickAndMorty;
			};
			name = Debug;
		};
		4F38F6182ABB566D00D55EDD /* Release */ = {
			isa = XCBuildConfiguration;
			buildSettings = {
				ALWAYS_EMBED_SWIFT_STANDARD_LIBRARIES = YES;
				CODE_SIGN_STYLE = Automatic;
				CURRENT_PROJECT_VERSION = 1;
				DEVELOPMENT_TEAM = ZR7Z862SYX;
				GENERATE_INFOPLIST_FILE = YES;
				MARKETING_VERSION = 1.0;
				PRODUCT_BUNDLE_IDENTIFIER = com.RickAndMortyUITests;
				PRODUCT_NAME = "$(TARGET_NAME)";
				SWIFT_EMIT_LOC_STRINGS = NO;
				SWIFT_VERSION = 5.0;
				TARGETED_DEVICE_FAMILY = "1,2";
				TEST_TARGET_NAME = RickAndMorty;
			};
			name = Release;
		};
/* End XCBuildConfiguration section */

/* Begin XCConfigurationList section */
		4F38F5E12ABB566600D55EDD /* Build configuration list for PBXProject "RickAndMorty" */ = {
			isa = XCConfigurationList;
			buildConfigurations = (
				4F38F60E2ABB566D00D55EDD /* Debug */,
				4F38F60F2ABB566D00D55EDD /* Release */,
			);
			defaultConfigurationIsVisible = 0;
			defaultConfigurationName = Release;
		};
		4F38F6102ABB566D00D55EDD /* Build configuration list for PBXNativeTarget "RickAndMorty" */ = {
			isa = XCConfigurationList;
			buildConfigurations = (
				4F38F6112ABB566D00D55EDD /* Debug */,
				4F38F6122ABB566D00D55EDD /* Release */,
			);
			defaultConfigurationIsVisible = 0;
			defaultConfigurationName = Release;
		};
		4F38F6132ABB566D00D55EDD /* Build configuration list for PBXNativeTarget "RickAndMortyTests" */ = {
			isa = XCConfigurationList;
			buildConfigurations = (
				4F38F6142ABB566D00D55EDD /* Debug */,
				4F38F6152ABB566D00D55EDD /* Release */,
			);
			defaultConfigurationIsVisible = 0;
			defaultConfigurationName = Release;
		};
		4F38F6162ABB566D00D55EDD /* Build configuration list for PBXNativeTarget "RickAndMortyUITests" */ = {
			isa = XCConfigurationList;
			buildConfigurations = (
				4F38F6172ABB566D00D55EDD /* Debug */,
				4F38F6182ABB566D00D55EDD /* Release */,
			);
			defaultConfigurationIsVisible = 0;
			defaultConfigurationName = Release;
		};
/* End XCConfigurationList section */

/* Begin XCRemoteSwiftPackageReference section */
		4F38F6272ABB591600D55EDD /* XCRemoteSwiftPackageReference "RxSwift" */ = {
			isa = XCRemoteSwiftPackageReference;
			repositoryURL = "https://github.com/ReactiveX/RxSwift.git";
			requirement = {
				kind = upToNextMajorVersion;
				minimumVersion = 6.0.0;
			};
		};
		4F38F62E2ABB592E00D55EDD /* XCRemoteSwiftPackageReference "RxDataSources" */ = {
			isa = XCRemoteSwiftPackageReference;
			repositoryURL = "https://github.com/RxSwiftCommunity/RxDataSources";
			requirement = {
				kind = upToNextMajorVersion;
				minimumVersion = 5.0.0;
			};
		};
		4F38F6332ABB594200D55EDD /* XCRemoteSwiftPackageReference "Alamofire" */ = {
			isa = XCRemoteSwiftPackageReference;
			repositoryURL = "https://github.com/Alamofire/Alamofire";
			requirement = {
				kind = upToNextMajorVersion;
				minimumVersion = 5.0.0;
			};
		};
		4F38F63F2ABB67C600D55EDD /* XCRemoteSwiftPackageReference "Kingfisher" */ = {
			isa = XCRemoteSwiftPackageReference;
			repositoryURL = "https://github.com/onevcat/Kingfisher";
			requirement = {
				kind = upToNextMajorVersion;
				minimumVersion = 7.0.0;
			};
		};
/* End XCRemoteSwiftPackageReference section */

/* Begin XCSwiftPackageProductDependency section */
		4F38F6282ABB591600D55EDD /* RxCocoa */ = {
			isa = XCSwiftPackageProductDependency;
			package = 4F38F6272ABB591600D55EDD /* XCRemoteSwiftPackageReference "RxSwift" */;
			productName = RxCocoa;
		};
		4F38F62A2ABB591600D55EDD /* RxRelay */ = {
			isa = XCSwiftPackageProductDependency;
			package = 4F38F6272ABB591600D55EDD /* XCRemoteSwiftPackageReference "RxSwift" */;
			productName = RxRelay;
		};
		4F38F62C2ABB591600D55EDD /* RxSwift */ = {
			isa = XCSwiftPackageProductDependency;
			package = 4F38F6272ABB591600D55EDD /* XCRemoteSwiftPackageReference "RxSwift" */;
			productName = RxSwift;
		};
		4F38F62F2ABB592E00D55EDD /* Differentiator */ = {
			isa = XCSwiftPackageProductDependency;
			package = 4F38F62E2ABB592E00D55EDD /* XCRemoteSwiftPackageReference "RxDataSources" */;
			productName = Differentiator;
		};
		4F38F6312ABB592E00D55EDD /* RxDataSources */ = {
			isa = XCSwiftPackageProductDependency;
			package = 4F38F62E2ABB592E00D55EDD /* XCRemoteSwiftPackageReference "RxDataSources" */;
			productName = RxDataSources;
		};
		4F38F6342ABB594200D55EDD /* Alamofire */ = {
			isa = XCSwiftPackageProductDependency;
			package = 4F38F6332ABB594200D55EDD /* XCRemoteSwiftPackageReference "Alamofire" */;
			productName = Alamofire;
		};
		4F38F6402ABB67C600D55EDD /* Kingfisher */ = {
			isa = XCSwiftPackageProductDependency;
			package = 4F38F63F2ABB67C600D55EDD /* XCRemoteSwiftPackageReference "Kingfisher" */;
			productName = Kingfisher;
		};
/* End XCSwiftPackageProductDependency section */
	};
	rootObject = 4F38F5DE2ABB566600D55EDD /* Project object */;
}
